
Microsoft Visual Studio Solution File, Format Version 12.00
# Visual Studio 15
VisualStudioVersion = 15.0.27703.2000
MinimumVisualStudioVersion = 10.0.40219.1
Project("{9A19103F-16F7-4668-BE54-9A1E7A4F7556}") = "AspNetIntro", "AspNetIntro\AspNetIntro.csproj", "{CAE1C72F-FC56-47DF-B937-55328A8AC82F}"
EndProject
Project("{9A19103F-16F7-4668-BE54-9A1E7A4F7556}") = "WebApplication2", "WebApplication2\WebApplication2.csproj", "{D51E2307-F99A-4EBB-BF0E-8BEB5EEDB2D1}"
EndProject
Project("{9A19103F-16F7-4668-BE54-9A1E7A4F7556}") = "HtmlHelpers", "HtmlHelpers\HtmlHelpers.csproj", "{C3DD1BFD-B78D-44FC-80BC-312B652348E0}"
EndProject
Project("{9A19103F-16F7-4668-BE54-9A1E7A4F7556}") = "Validation", "Validation\Validation.csproj", "{A62B4C30-2552-444F-9C1F-DE98C3FD4EA4}"
EndProject
Project("{FAE04EC0-301F-11D3-BF4B-00C04F79EFBC}") = "Caching", "Cashing\Caching.csproj", "{1D996919-9ADB-4007-9FED-05F65108F612}"
EndProject
Global
	GlobalSection(SolutionConfigurationPlatforms) = preSolution
		Debug|Any CPU = Debug|Any CPU
		Release|Any CPU = Release|Any CPU
	EndGlobalSection
	GlobalSection(ProjectConfigurationPlatforms) = postSolution
		{CAE1C72F-FC56-47DF-B937-55328A8AC82F}.Debug|Any CPU.ActiveCfg = Debug|Any CPU
		{CAE1C72F-FC56-47DF-B937-55328A8AC82F}.Debug|Any CPU.Build.0 = Debug|Any CPU
		{CAE1C72F-FC56-47DF-B937-55328A8AC82F}.Release|Any CPU.ActiveCfg = Release|Any CPU
		{CAE1C72F-FC56-47DF-B937-55328A8AC82F}.Release|Any CPU.Build.0 = Release|Any CPU
		{D51E2307-F99A-4EBB-BF0E-8BEB5EEDB2D1}.Debug|Any CPU.ActiveCfg = Debug|Any CPU
		{D51E2307-F99A-4EBB-BF0E-8BEB5EEDB2D1}.Debug|Any CPU.Build.0 = Debug|Any CPU
		{D51E2307-F99A-4EBB-BF0E-8BEB5EEDB2D1}.Release|Any CPU.ActiveCfg = Release|Any CPU
		{D51E2307-F99A-4EBB-BF0E-8BEB5EEDB2D1}.Release|Any CPU.Build.0 = Release|Any CPU
		{C3DD1BFD-B78D-44FC-80BC-312B652348E0}.Debug|Any CPU.ActiveCfg = Debug|Any CPU
		{C3DD1BFD-B78D-44FC-80BC-312B652348E0}.Debug|Any CPU.Build.0 = Debug|Any CPU
		{C3DD1BFD-B78D-44FC-80BC-312B652348E0}.Release|Any CPU.ActiveCfg = Release|Any CPU
		{C3DD1BFD-B78D-44FC-80BC-312B652348E0}.Release|Any CPU.Build.0 = Release|Any CPU
		{A62B4C30-2552-444F-9C1F-DE98C3FD4EA4}.Debug|Any CPU.ActiveCfg = Debug|Any CPU
		{A62B4C30-2552-444F-9C1F-DE98C3FD4EA4}.Debug|Any CPU.Build.0 = Debug|Any CPU
		{A62B4C30-2552-444F-9C1F-DE98C3FD4EA4}.Release|Any CPU.ActiveCfg = Release|Any CPU
		{A62B4C30-2552-444F-9C1F-DE98C3FD4EA4}.Release|Any CPU.Build.0 = Release|Any CPU
		{1D996919-9ADB-4007-9FED-05F65108F612}.Debug|Any CPU.ActiveCfg = Debug|Any CPU
		{1D996919-9ADB-4007-9FED-05F65108F612}.Debug|Any CPU.Build.0 = Debug|Any CPU
		{1D996919-9ADB-4007-9FED-05F65108F612}.Release|Any CPU.ActiveCfg = Release|Any CPU
		{1D996919-9ADB-4007-9FED-05F65108F612}.Release|Any CPU.Build.0 = Release|Any CPU
	EndGlobalSection
	GlobalSection(SolutionProperties) = preSolution
		HideSolutionNode = FALSE
	EndGlobalSection
	GlobalSection(ExtensibilityGlobals) = postSolution
		SolutionGuid = {95B13D40-A875-44E4-AC16-E26DB60E6FA0}
	EndGlobalSection
EndGlobal
